<?xml version="1.0" encoding="UTF-8" standalone="yes" ?>
<CodeBlocks_project_file>
	<FileVersion major="1" minor="6" />
	<Project>
		<Option title="refc" />
		<Option pch_mode="2" />
		<Option compiler="gcc" />
		<Build>
			<Target title="Debug">
				<Option output="bin/Debug/refc" prefix_auto="1" extension_auto="1" />
				<Option object_output="obj/Debug/" />
				<Option type="1" />
				<Option compiler="gcc" />
				<Compiler>
					<Add option="-g" />
				</Compiler>
			</Target>
			<Target title="Release">
				<Option output="bin/Release/refc" prefix_auto="1" extension_auto="1" />
				<Option object_output="obj/Release/" />
				<Option type="1" />
				<Option compiler="gcc" />
				<Compiler>
					<Add option="-O2" />
				</Compiler>
				<Linker>
					<Add option="-s" />
				</Linker>
			</Target>
		</Build>
		<Compiler>
			<Add option="-Wall" />
			<Add option="-DFOR_OS_LINUX" />
		</Compiler>
		<Unit filename="arithm.h" />
		<Unit filename="bif_lex.c">
			<Option compilerVar="CC" />
		</Unit>
		<Unit filename="bif_lex.h" />
		<Unit filename="cdecl.h" />
		<Unit filename="cfunc.h" />
		<Unit filename="lex.c">
			<Option compilerVar="CC" />
		</Unit>
		<Unit filename="memory.h" />
		<Unit filename="parser.c">
			<Option compilerVar="CC" />
		</Unit>
		<Unit filename="pass2.c">
			<Option compilerVar="CC" />
		</Unit>
		<Unit filename="rasl.h" />
		<Unit filename="rc.c">
			<Option compilerVar="CC" />
		</Unit>
		<Unit filename="rc5.c">
			<Option compilerVar="CC" />
		</Unit>
		<Unit filename="rcaux.c">
			<Option compilerVar="CC" />
		</Unit>
		<Unit filename="rcleft.c">
			<Option compilerVar="CC" />
		</Unit>
		<Unit filename="rcopt.c">
			<Option compilerVar="CC" />
		</Unit>
		<Unit filename="sem.c">
			<Option compilerVar="CC" />
		</Unit>
		<Unit filename="version.h" />
		<Unit filename="vyvod.c">
			<Option compilerVar="CC" />
		</Unit>
		<Extensions />
	</Project>
</CodeBlocks_project_file>
